// !$*UTF8*$!
{
	archiveVersion = 1;
	classes = {
	};
	objectVersion = 50;
	objects = {

/* Begin PBXBuildFile section */
		D507016520BC2CBE0029FD84 /* CoreTableViewController.swift in Sources */ = {isa = PBXBuildFile; fileRef = D507016420BC2CBE0029FD84 /* CoreTableViewController.swift */; };
		D507016720BC342D0029FD84 /* NotesViewController.swift in Sources */ = {isa = PBXBuildFile; fileRef = D507016620BC342D0029FD84 /* NotesViewController.swift */; };
		D507016920BD285F0029FD84 /* LocationViewController.swift in Sources */ = {isa = PBXBuildFile; fileRef = D507016820BD285F0029FD84 /* LocationViewController.swift */; };
		D5418B4C20B9E9A0001D620C /* AppDelegate.swift in Sources */ = {isa = PBXBuildFile; fileRef = D5418B4B20B9E9A0001D620C /* AppDelegate.swift */; };
		D5418B5120B9E9A0001D620C /* Main.storyboard in Resources */ = {isa = PBXBuildFile; fileRef = D5418B4F20B9E9A0001D620C /* Main.storyboard */; };
		D5418B5420B9E9A0001D620C /* SwiftStorage.xcdatamodeld in Sources */ = {isa = PBXBuildFile; fileRef = D5418B5220B9E9A0001D620C /* SwiftStorage.xcdatamodeld */; };
		D5418B5620B9E9A4001D620C /* Assets.xcassets in Resources */ = {isa = PBXBuildFile; fileRef = D5418B5520B9E9A4001D620C /* Assets.xcassets */; };
		D5418B5920B9E9A4001D620C /* LaunchScreen.storyboard in Resources */ = {isa = PBXBuildFile; fileRef = D5418B5720B9E9A4001D620C /* LaunchScreen.storyboard */; };
		D5418B6120B9F122001D620C /* CardView.swift in Sources */ = {isa = PBXBuildFile; fileRef = D5418B6020B9F122001D620C /* CardView.swift */; };
		D56E42EB20C32A28007540BD /* notes3.png in Resources */ = {isa = PBXBuildFile; fileRef = D56E42E320C32A26007540BD /* notes3.png */; };
		D56E42EC20C32A28007540BD /* map2.png in Resources */ = {isa = PBXBuildFile; fileRef = D56E42E420C32A26007540BD /* map2.png */; };
		D56E42ED20C32A28007540BD /* notes1.png in Resources */ = {isa = PBXBuildFile; fileRef = D56E42E520C32A26007540BD /* notes1.png */; };
		D56E42EE20C32A28007540BD /* map1.png in Resources */ = {isa = PBXBuildFile; fileRef = D56E42E620C32A27007540BD /* map1.png */; };
		D56E42EF20C32A28007540BD /* home2.png in Resources */ = {isa = PBXBuildFile; fileRef = D56E42E720C32A27007540BD /* home2.png */; };
		D56E42F020C32A28007540BD /* notes2.png in Resources */ = {isa = PBXBuildFile; fileRef = D56E42E820C32A27007540BD /* notes2.png */; };
		D56E42F120C32A28007540BD /* splash.png in Resources */ = {isa = PBXBuildFile; fileRef = D56E42E920C32A27007540BD /* splash.png */; };
		D56E42F220C32A28007540BD /* home1.png in Resources */ = {isa = PBXBuildFile; fileRef = D56E42EA20C32A28007540BD /* home1.png */; };
		D56E42F820C33068007540BD /* banner.png in Resources */ = {isa = PBXBuildFile; fileRef = D56E42F620C33067007540BD /* banner.png */; };
		D5A119C120BD734300AB4CC2 /* BaseViewController.swift in Sources */ = {isa = PBXBuildFile; fileRef = D5A119C020BD734300AB4CC2 /* BaseViewController.swift */; };
		D5A119C320BD7E6D00AB4CC2 /* LocationHelper.swift in Sources */ = {isa = PBXBuildFile; fileRef = D5A119C220BD7E6D00AB4CC2 /* LocationHelper.swift */; };
		D5A119C620BD918900AB4CC2 /* CoreDataHandler.swift in Sources */ = {isa = PBXBuildFile; fileRef = D5A119C520BD918900AB4CC2 /* CoreDataHandler.swift */; };
		D5A119C820BD92D600AB4CC2 /* NotesHelper.swift in Sources */ = {isa = PBXBuildFile; fileRef = D5A119C720BD92D600AB4CC2 /* NotesHelper.swift */; };
		D5A119CC20BE8BD700AB4CC2 /* NotesTableViewCell.swift in Sources */ = {isa = PBXBuildFile; fileRef = D5A119CA20BE8BD600AB4CC2 /* NotesTableViewCell.swift */; };
		D5A119CD20BE8BD700AB4CC2 /* NotesTableViewCell.xib in Resources */ = {isa = PBXBuildFile; fileRef = D5A119CB20BE8BD600AB4CC2 /* NotesTableViewCell.xib */; };
/* End PBXBuildFile section */

/* Begin PBXFileReference section */
		D507016420BC2CBE0029FD84 /* CoreTableViewController.swift */ = {isa = PBXFileReference; lastKnownFileType = sourcecode.swift; path = CoreTableViewController.swift; sourceTree = "<group>"; };
		D507016620BC342D0029FD84 /* NotesViewController.swift */ = {isa = PBXFileReference; lastKnownFileType = sourcecode.swift; path = NotesViewController.swift; sourceTree = "<group>"; };
		D507016820BD285F0029FD84 /* LocationViewController.swift */ = {isa = PBXFileReference; lastKnownFileType = sourcecode.swift; path = LocationViewController.swift; sourceTree = "<group>"; };
		D5418B4820B9E9A0001D620C /* SwiftStorage.app */ = {isa = PBXFileReference; explicitFileType = wrapper.application; includeInIndex = 0; path = SwiftStorage.app; sourceTree = BUILT_PRODUCTS_DIR; };
		D5418B4B20B9E9A0001D620C /* AppDelegate.swift */ = {isa = PBXFileReference; lastKnownFileType = sourcecode.swift; path = AppDelegate.swift; sourceTree = "<group>"; };
		D5418B5020B9E9A0001D620C /* Base */ = {isa = PBXFileReference; lastKnownFileType = file.storyboard; name = Base; path = Base.lproj/Main.storyboard; sourceTree = "<group>"; };
		D5418B5320B9E9A0001D620C /* SwiftStorage.xcdatamodel */ = {isa = PBXFileReference; lastKnownFileType = wrapper.xcdatamodel; path = SwiftStorage.xcdatamodel; sourceTree = "<group>"; };
		D5418B5520B9E9A4001D620C /* Assets.xcassets */ = {isa = PBXFileReference; lastKnownFileType = folder.assetcatalog; path = Assets.xcassets; sourceTree = "<group>"; };
		D5418B5820B9E9A4001D620C /* Base */ = {isa = PBXFileReference; lastKnownFileType = file.storyboard; name = Base; path = Base.lproj/LaunchScreen.storyboard; sourceTree = "<group>"; };
		D5418B5A20B9E9A4001D620C /* Info.plist */ = {isa = PBXFileReference; lastKnownFileType = text.plist.xml; path = Info.plist; sourceTree = "<group>"; };
		D5418B6020B9F122001D620C /* CardView.swift */ = {isa = PBXFileReference; lastKnownFileType = sourcecode.swift; path = CardView.swift; sourceTree = "<group>"; };
		D56E42E320C32A26007540BD /* notes3.png */ = {isa = PBXFileReference; lastKnownFileType = image.png; path = notes3.png; sourceTree = "<group>"; };
		D56E42E420C32A26007540BD /* map2.png */ = {isa = PBXFileReference; lastKnownFileType = image.png; path = map2.png; sourceTree = "<group>"; };
		D56E42E520C32A26007540BD /* notes1.png */ = {isa = PBXFileReference; lastKnownFileType = image.png; path = notes1.png; sourceTree = "<group>"; };
		D56E42E620C32A27007540BD /* map1.png */ = {isa = PBXFileReference; lastKnownFileType = image.png; path = map1.png; sourceTree = "<group>"; };
		D56E42E720C32A27007540BD /* home2.png */ = {isa = PBXFileReference; lastKnownFileType = image.png; path = home2.png; sourceTree = "<group>"; };
		D56E42E820C32A27007540BD /* notes2.png */ = {isa = PBXFileReference; lastKnownFileType = image.png; path = notes2.png; sourceTree = "<group>"; };
		D56E42E920C32A27007540BD /* splash.png */ = {isa = PBXFileReference; lastKnownFileType = image.png; path = splash.png; sourceTree = "<group>"; };
		D56E42EA20C32A28007540BD /* home1.png */ = {isa = PBXFileReference; lastKnownFileType = image.png; path = home1.png; sourceTree = "<group>"; };
		D56E42F620C33067007540BD /* banner.png */ = {isa = PBXFileReference; lastKnownFileType = image.png; path = banner.png; sourceTree = "<group>"; };
		D5A119C020BD734300AB4CC2 /* BaseViewController.swift */ = {isa = PBXFileReference; fileEncoding = 4; lastKnownFileType = sourcecode.swift; path = BaseViewController.swift; sourceTree = "<group>"; };
		D5A119C220BD7E6D00AB4CC2 /* LocationHelper.swift */ = {isa = PBXFileReference; lastKnownFileType = sourcecode.swift; path = LocationHelper.swift; sourceTree = "<group>"; };
		D5A119C520BD918900AB4CC2 /* CoreDataHandler.swift */ = {isa = PBXFileReference; lastKnownFileType = sourcecode.swift; path = CoreDataHandler.swift; sourceTree = "<group>"; };
		D5A119C720BD92D600AB4CC2 /* NotesHelper.swift */ = {isa = PBXFileReference; lastKnownFileType = sourcecode.swift; path = NotesHelper.swift; sourceTree = "<group>"; };
		D5A119CA20BE8BD600AB4CC2 /* NotesTableViewCell.swift */ = {isa = PBXFileReference; lastKnownFileType = sourcecode.swift; path = NotesTableViewCell.swift; sourceTree = "<group>"; };
		D5A119CB20BE8BD600AB4CC2 /* NotesTableViewCell.xib */ = {isa = PBXFileReference; lastKnownFileType = file.xib; path = NotesTableViewCell.xib; sourceTree = "<group>"; };
/* End PBXFileReference section */

/* Begin PBXFrameworksBuildPhase section */
		D5418B4520B9E9A0001D620C /* Frameworks */ = {
			isa = PBXFrameworksBuildPhase;
			buildActionMask = 2147483647;
			files = (
			);
			runOnlyForDeploymentPostprocessing = 0;
		};
/* End PBXFrameworksBuildPhase section */

/* Begin PBXGroup section */
		D5418B3F20B9E9A0001D620C = {
			isa = PBXGroup;
			children = (
				D5418B4A20B9E9A0001D620C /* SwiftStorage */,
				D5418B4920B9E9A0001D620C /* Products */,
				D5A119BD20BD6D0200AB4CC2 /* Frameworks */,
			);
			sourceTree = "<group>";
		};
		D5418B4920B9E9A0001D620C /* Products */ = {
			isa = PBXGroup;
			children = (
				D5418B4820B9E9A0001D620C /* SwiftStorage.app */,
			);
			name = Products;
			sourceTree = "<group>";
		};
		D5418B4A20B9E9A0001D620C /* SwiftStorage */ = {
			isa = PBXGroup;
			children = (
				D56E42F420C32A70007540BD /* storyboard */,
				D56E42F320C32A50007540BD /* controller */,
				D56E42E220C329AD007540BD /* screenshot */,
				D5A119C920BD936800AB4CC2 /* helper */,
				D5A119C420BD917200AB4CC2 /* coredata */,
				D5418B4B20B9E9A0001D620C /* AppDelegate.swift */,
				D5418B5520B9E9A4001D620C /* Assets.xcassets */,
				D5418B5A20B9E9A4001D620C /* Info.plist */,
				D5418B6020B9F122001D620C /* CardView.swift */,
			);
			path = SwiftStorage;
			sourceTree = "<group>";
		};
		D56E42E220C329AD007540BD /* screenshot */ = {
			isa = PBXGroup;
			children = (
				D56E42F620C33067007540BD /* banner.png */,
				D56E42EA20C32A28007540BD /* home1.png */,
				D56E42E720C32A27007540BD /* home2.png */,
				D56E42E620C32A27007540BD /* map1.png */,
				D56E42E420C32A26007540BD /* map2.png */,
				D56E42E520C32A26007540BD /* notes1.png */,
				D56E42E820C32A27007540BD /* notes2.png */,
				D56E42E320C32A26007540BD /* notes3.png */,
				D56E42E920C32A27007540BD /* splash.png */,
			);
			path = screenshot;
			sourceTree = "<group>";
		};
		D56E42F320C32A50007540BD /* controller */ = {
			isa = PBXGroup;
			children = (
				D5A119C020BD734300AB4CC2 /* BaseViewController.swift */,
				D507016420BC2CBE0029FD84 /* CoreTableViewController.swift */,
				D507016620BC342D0029FD84 /* NotesViewController.swift */,
				D507016820BD285F0029FD84 /* LocationViewController.swift */,
			);
			path = controller;
			sourceTree = "<group>";
		};
		D56E42F420C32A70007540BD /* storyboard */ = {
			isa = PBXGroup;
			children = (
				D5418B4F20B9E9A0001D620C /* Main.storyboard */,
				D5418B5720B9E9A4001D620C /* LaunchScreen.storyboard */,
			);
			path = storyboard;
			sourceTree = "<group>";
		};
		D5A119BD20BD6D0200AB4CC2 /* Frameworks */ = {
			isa = PBXGroup;
			children = (
			);
			name = Frameworks;
			sourceTree = "<group>";
		};
		D5A119C420BD917200AB4CC2 /* coredata */ = {
			isa = PBXGroup;
			children = (
				D5418B5220B9E9A0001D620C /* SwiftStorage.xcdatamodeld */,
				D5A119C520BD918900AB4CC2 /* CoreDataHandler.swift */,
			);
			path = coredata;
			sourceTree = "<group>";
		};
		D5A119C920BD936800AB4CC2 /* helper */ = {
			isa = PBXGroup;
			children = (
				D5A119C220BD7E6D00AB4CC2 /* LocationHelper.swift */,
				D5A119C720BD92D600AB4CC2 /* NotesHelper.swift */,
				D5A119CA20BE8BD600AB4CC2 /* NotesTableViewCell.swift */,
				D5A119CB20BE8BD600AB4CC2 /* NotesTableViewCell.xib */,
			);
			path = helper;
			sourceTree = "<group>";
		};
/* End PBXGroup section */

/* Begin PBXNativeTarget section */
		D5418B4720B9E9A0001D620C /* SwiftStorage */ = {
			isa = PBXNativeTarget;
			buildConfigurationList = D5418B5D20B9E9A4001D620C /* Build configuration list for PBXNativeTarget "SwiftStorage" */;
			buildPhases = (
				D5418B4420B9E9A0001D620C /* Sources */,
				D5418B4520B9E9A0001D620C /* Frameworks */,
				D5418B4620B9E9A0001D620C /* Resources */,
			);
			buildRules = (
			);
			dependencies = (
			);
			name = SwiftStorage;
			productName = SwiftStorage;
			productReference = D5418B4820B9E9A0001D620C /* SwiftStorage.app */;
			productType = "com.apple.product-type.application";
		};
/* End PBXNativeTarget section */

/* Begin PBXProject section */
		D5418B4020B9E9A0001D620C /* Project object */ = {
			isa = PBXProject;
			attributes = {
				LastSwiftUpdateCheck = 0930;
				LastUpgradeCheck = 0930;
				ORGANIZATIONNAME = yuvraj;
				TargetAttributes = {
					D5418B4720B9E9A0001D620C = {
						CreatedOnToolsVersion = 9.3.1;
						SystemCapabilities = {
							com.apple.Maps.iOS = {
								enabled = 0;
							};
						};
					};
				};
			};
			buildConfigurationList = D5418B4320B9E9A0001D620C /* Build configuration list for PBXProject "SwiftStorage" */;
			compatibilityVersion = "Xcode 9.3";
			developmentRegion = en;
			hasScannedForEncodings = 0;
			knownRegions = (
				en,
				Base,
			);
			mainGroup = D5418B3F20B9E9A0001D620C;
			productRefGroup = D5418B4920B9E9A0001D620C /* Products */;
			projectDirPath = "";
			projectRoot = "";
			targets = (
				D5418B4720B9E9A0001D620C /* SwiftStorage */,
			);
		};
/* End PBXProject section */

/* Begin PBXResourcesBuildPhase section */
		D5418B4620B9E9A0001D620C /* Resources */ = {
			isa = PBXResourcesBuildPhase;
			buildActionMask = 2147483647;
			files = (
				D5418B5920B9E9A4001D620C /* LaunchScreen.storyboard in Resources */,
				D56E42EF20C32A28007540BD /* home2.png in Resources */,
				D56E42EB20C32A28007540BD /* notes3.png in Resources */,
				D56E42EE20C32A28007540BD /* map1.png in Resources */,
				D5418B5620B9E9A4001D620C /* Assets.xcassets in Resources */,
				D5418B5120B9E9A0001D620C /* Main.storyboard in Resources */,
				D56E42F020C32A28007540BD /* notes2.png in Resources */,
				D5A119CD20BE8BD700AB4CC2 /* NotesTableViewCell.xib in Resources */,
				D56E42F120C32A28007540BD /* splash.png in Resources */,
				D56E42ED20C32A28007540BD /* notes1.png in Resources */,
				D56E42F820C33068007540BD /* banner.png in Resources */,
				D56E42F220C32A28007540BD /* home1.png in Resources */,
				D56E42EC20C32A28007540BD /* map2.png in Resources */,
			);
			runOnlyForDeploymentPostprocessing = 0;
		};
/* End PBXResourcesBuildPhase section */

/* Begin PBXSourcesBuildPhase section */
		D5418B4420B9E9A0001D620C /* Sources */ = {
			isa = PBXSourcesBuildPhase;
			buildActionMask = 2147483647;
			files = (
				D507016920BD285F0029FD84 /* LocationViewController.swift in Sources */,
				D5A119C620BD918900AB4CC2 /* CoreDataHandler.swift in Sources */,
				D5A119C820BD92D600AB4CC2 /* NotesHelper.swift in Sources */,
				D507016520BC2CBE0029FD84 /* CoreTableViewController.swift in Sources */,
				D507016720BC342D0029FD84 /* NotesViewController.swift in Sources */,
				D5418B6120B9F122001D620C /* CardView.swift in Sources */,
				D5A119C120BD734300AB4CC2 /* BaseViewController.swift in Sources */,
				D5A119C320BD7E6D00AB4CC2 /* LocationHelper.swift in Sources */,
				D5418B5420B9E9A0001D620C /* SwiftStorage.xcdatamodeld in Sources */,
				D5418B4C20B9E9A0001D620C /* AppDelegate.swift in Sources */,
				D5A119CC20BE8BD700AB4CC2 /* NotesTableViewCell.swift in Sources */,
			);
			runOnlyForDeploymentPostprocessing = 0;
		};
/* End PBXSourcesBuildPhase section */

/* Begin PBXVariantGroup section */
		D5418B4F20B9E9A0001D620C /* Main.storyboard */ = {
			isa = PBXVariantGroup;
			children = (
				D5418B5020B9E9A0001D620C /* Base */,
			);
			name = Main.storyboard;
			sourceTree = "<group>";
		};
		D5418B5720B9E9A4001D620C /* LaunchScreen.storyboard */ = {
			isa = PBXVariantGroup;
			children = (
				D5418B5820B9E9A4001D620C /* Base */,
			);
			name = LaunchScreen.storyboard;
			sourceTree = "<group>";
		};
/* End PBXVariantGroup section */

/* Begin XCBuildConfiguration section */
		D5418B5B20B9E9A4001D620C /* Debug */ = {
			isa = XCBuildConfiguration;
			buildSettings = {
				ALWAYS_SEARCH_USER_PATHS = NO;
				CLANG_ANALYZER_NONNULL = YES;
				CLANG_ANALYZER_NUMBER_OBJECT_CONVERSION = YES_AGGRESSIVE;
				CLANG_CXX_LANGUAGE_STANDARD = "gnu++14";
				CLANG_CXX_LIBRARY = "libc++";
				CLANG_ENABLE_MODULES = YES;
				CLANG_ENABLE_OBJC_ARC = YES;
				CLANG_ENABLE_OBJC_WEAK = YES;
				CLANG_WARN_BLOCK_CAPTURE_AUTORELEASING = YES;
				CLANG_WARN_BOOL_CONVERSION = YES;
				CLANG_WARN_COMMA = YES;
				CLANG_WARN_CONSTANT_CONVERSION = YES;
				CLANG_WARN_DEPRECATED_OBJC_IMPLEMENTATIONS = YES;
				CLANG_WARN_DIRECT_OBJC_ISA_USAGE = YES_ERROR;
				CLANG_WARN_DOCUMENTATION_COMMENTS = YES;
				CLANG_WARN_EMPTY_BODY = YES;
				CLANG_WARN_ENUM_CONVERSION = YES;
				CLANG_WARN_INFINITE_RECURSION = YES;
				CLANG_WARN_INT_CONVERSION = YES;
				CLANG_WARN_NON_LITERAL_NULL_CONVERSION = YES;
				CLANG_WARN_OBJC_IMPLICIT_RETAIN_SELF = YES;
				CLANG_WARN_OBJC_LITERAL_CONVERSION = YES;
				CLANG_WARN_OBJC_ROOT_CLASS = YES_ERROR;
				CLANG_WARN_RANGE_LOOP_ANALYSIS = YES;
				CLANG_WARN_STRICT_PROTOTYPES = YES;
				CLANG_WARN_SUSPICIOUS_MOVE = YES;
				CLANG_WARN_UNGUARDED_AVAILABILITY = YES_AGGRESSIVE;
				CLANG_WARN_UNREACHABLE_CODE = YES;
				CLANG_WARN__DUPLICATE_METHOD_MATCH = YES;
				CODE_SIGN_IDENTITY = "iPhone Developer";
				COPY_PHASE_STRIP = NO;
				DEBUG_INFORMATION_FORMAT = dwarf;
				ENABLE_STRICT_OBJC_MSGSEND = YES;
				ENABLE_TESTABILITY = YES;
				GCC_C_LANGUAGE_STANDARD = gnu11;
				GCC_DYNAMIC_NO_PIC = NO;
				GCC_NO_COMMON_BLOCKS = YES;
				GCC_OPTIMIZATION_LEVEL = 0;
				GCC_PREPROCESSOR_DEFINITIONS = (
					"DEBUG=1",
					"$(inherited)",
				);
				GCC_WARN_64_TO_32_BIT_CONVERSION = YES;
				GCC_WARN_ABOUT_RETURN_TYPE = YES_ERROR;
				GCC_WARN_UNDECLARED_SELECTOR = YES;
				GCC_WARN_UNINITIALIZED_AUTOS = YES_AGGRESSIVE;
				GCC_WARN_UNUSED_FUNCTION = YES;
				GCC_WARN_UNUSED_VARIABLE = YES;
				IPHONEOS_DEPLOYMENT_TARGET = 11.3;
				MTL_ENABLE_DEBUG_INFO = YES;
				ONLY_ACTIVE_ARCH = YES;
				SDKROOT = iphoneos;
				SWIFT_ACTIVE_COMPILATION_CONDITIONS = DEBUG;
				SWIFT_OPTIMIZATION_LEVEL = "-Onone";
			};
			name = Debug;
		};
		D5418B5C20B9E9A4001D620C /* Release */ = {
			isa = XCBuildConfiguration;
			buildSettings = {
				ALWAYS_SEARCH_USER_PATHS = NO;
				CLANG_ANALYZER_NONNULL = YES;
				CLANG_ANALYZER_NUMBER_OBJECT_CONVERSION = YES_AGGRESSIVE;
				CLANG_CXX_LANGUAGE_STANDARD = "gnu++14";
				CLANG_CXX_LIBRARY = "libc++";
				CLANG_ENABLE_MODULES = YES;
				CLANG_ENABLE_OBJC_ARC = YES;
				CLANG_ENABLE_OBJC_WEAK = YES;
				CLANG_WARN_BLOCK_CAPTURE_AUTORELEASING = YES;
				CLANG_WARN_BOOL_CONVERSION = YES;
				CLANG_WARN_COMMA = YES;
				CLANG_WARN_CONSTANT_CONVERSION = YES;
				CLANG_WARN_DEPRECATED_OBJC_IMPLEMENTATIONS = YES;
				CLANG_WARN_DIRECT_OBJC_ISA_USAGE = YES_ERROR;
				CLANG_WARN_DOCUMENTATION_COMMENTS = YES;
				CLANG_WARN_EMPTY_BODY = YES;
				CLANG_WARN_ENUM_CONVERSION = YES;
				CLANG_WARN_INFINITE_RECURSION = YES;
				CLANG_WARN_INT_CONVERSION = YES;
				CLANG_WARN_NON_LITERAL_NULL_CONVERSION = YES;
				CLANG_WARN_OBJC_IMPLICIT_RETAIN_SELF = YES;
				CLANG_WARN_OBJC_LITERAL_CONVERSION = YES;
				CLANG_WARN_OBJC_ROOT_CLASS = YES_ERROR;
				CLANG_WARN_RANGE_LOOP_ANALYSIS = YES;
				CLANG_WARN_STRICT_PROTOTYPES = YES;
				CLANG_WARN_SUSPICIOUS_MOVE = YES;
				CLANG_WARN_UNGUARDED_AVAILABILITY = YES_AGGRESSIVE;
				CLANG_WARN_UNREACHABLE_CODE = YES;
				CLANG_WARN__DUPLICATE_METHOD_MATCH = YES;
				CODE_SIGN_IDENTITY = "iPhone Developer";
				COPY_PHASE_STRIP = NO;
				DEBUG_INFORMATION_FORMAT = "dwarf-with-dsym";
				ENABLE_NS_ASSERTIONS = NO;
				ENABLE_STRICT_OBJC_MSGSEND = YES;
				GCC_C_LANGUAGE_STANDARD = gnu11;
				GCC_NO_COMMON_BLOCKS = YES;
				GCC_WARN_64_TO_32_BIT_CONVERSION = YES;
				GCC_WARN_ABOUT_RETURN_TYPE = YES_ERROR;
				GCC_WARN_UNDECLARED_SELECTOR = YES;
				GCC_WARN_UNINITIALIZED_AUTOS = YES_AGGRESSIVE;
				GCC_WARN_UNUSED_FUNCTION = YES;
				GCC_WARN_UNUSED_VARIABLE = YES;
				IPHONEOS_DEPLOYMENT_TARGET = 11.3;
				MTL_ENABLE_DEBUG_INFO = NO;
				SDKROOT = iphoneos;
				SWIFT_COMPILATION_MODE = wholemodule;
				SWIFT_OPTIMIZATION_LEVEL = "-O";
				VALIDATE_PRODUCT = YES;
			};
			name = Release;
		};
		D5418B5E20B9E9A4001D620C /* Debug */ = {
			isa = XCBuildConfiguration;
			buildSettings = {
				ASSETCATALOG_COMPILER_APPICON_NAME = AppIcon;
				CODE_SIGN_STYLE = Automatic;
				INFOPLIST_FILE = SwiftStorage/Info.plist;
				LD_RUNPATH_SEARCH_PATHS = (
					"$(inherited)",
					"@executable_path/Frameworks",
				);
				PRODUCT_BUNDLE_IDENTIFIER = com.yuvraj.SwiftStorage;
				PRODUCT_NAME = "$(TARGET_NAME)";
				SWIFT_VERSION = 4.0;
				TARGETED_DEVICE_FAMILY = "1,2";
			};
			name = Debug;
		};
		D5418B5F20B9E9A4001D620C /* Release */ = {
			isa = XCBuildConfiguration;
			buildSettings = {
				ASSETCATALOG_COMPILER_APPICON_NAME = AppIcon;
				CODE_SIGN_STYLE = Automatic;
				INFOPLIST_FILE = SwiftStorage/Info.plist;
				LD_RUNPATH_SEARCH_PATHS = (
					"$(inherited)",
					"@executable_path/Frameworks",
				);
				PRODUCT_BUNDLE_IDENTIFIER = com.yuvraj.SwiftStorage;
				PRODUCT_NAME = "$(TARGET_NAME)";
				SWIFT_VERSION = 4.0;
				TARGETED_DEVICE_FAMILY = "1,2";
			};
			name = Release;
		};
/* End XCBuildConfiguration section */

/* Begin XCConfigurationList section */
		D5418B4320B9E9A0001D620C /* Build configuration list for PBXProject "SwiftStorage" */ = {
			isa = XCConfigurationList;
			buildConfigurations = (
				D5418B5B20B9E9A4001D620C /* Debug */,
				D5418B5C20B9E9A4001D620C /* Release */,
			);
			defaultConfigurationIsVisible = 0;
			defaultConfigurationName = Release;
		};
		D5418B5D20B9E9A4001D620C /* Build configuration list for PBXNativeTarget "SwiftStorage" */ = {
			isa = XCConfigurationList;
			buildConfigurations = (
				D5418B5E20B9E9A4001D620C /* Debug */,
				D5418B5F20B9E9A4001D620C /* Release */,
			);
			defaultConfigurationIsVisible = 0;
			defaultConfigurationName = Release;
		};
/* End XCConfigurationList section */

/* Begin XCVersionGroup section */
		D5418B5220B9E9A0001D620C /* SwiftStorage.xcdatamodeld */ = {
			isa = XCVersionGroup;
			children = (
				D5418B5320B9E9A0001D620C /* SwiftStorage.xcdatamodel */,
			);
			currentVersion = D5418B5320B9E9A0001D620C /* SwiftStorage.xcdatamodel */;
			path = SwiftStorage.xcdatamodeld;
			sourceTree = "<group>";
			versionGroupType = wrapper.xcdatamodel;
		};
/* End XCVersionGroup section */
	};
	rootObject = D5418B4020B9E9A0001D620C /* Project object */;
}
